Microsoft Visual Studio Solution File, Format Version 12.00
# Visual Studio 15
VisualStudioVersion = 15.0.28307.106
MinimumVisualStudioVersion = 10.0.40219.1
Project("{9A19103F-16F7-4668-BE54-9A1E7A4F7556}") = "Recipe_Common_datatypes__RT_", "Recipe_Common_datatypes__RT_.csproj", "{AFCAFACA-30BA-85FE-6F99-AB0B1475B6BC}"
EndProject
Global
    GlobalSection(SolutionConfigurationPlatforms) = preSolution
        Debug|Any CPU = Debug|Any CPU
        Release|Any CPU = Release|Any CPU
    EndGlobalSection
    GlobalSection(ProjectConfigurationPlatforms) = postSolution
        {AFCAFACA-30BA-85FE-6F99-AB0B1475B6BC}.Debug|Any CPU.ActiveCfg = Debug|Any CPU
        {AFCAFACA-30BA-85FE-6F99-AB0B1475B6BC}.Debug|Any CPU.Build.0 = Debug|Any CPU
        {AFCAFACA-30BA-85FE-6F99-AB0B1475B6BC}.Release|Any CPU.ActiveCfg = Release|Any CPU
        {AFCAFACA-30BA-85FE-6F99-AB0B1475B6BC}.Release|Any CPU.Build.0 = Release|Any CPU
    EndGlobalSection
    GlobalSection(SolutionProperties) = preSolution
        HideSolutionNode = FALSE
    EndGlobalSection
EndGlobal
